
Microsoft Visual Studio Solution File, Format Version 12.00
# Visual Studio Version 17
VisualStudioVersion = 17.6.33829.357
MinimumVisualStudioVersion = 10.0.40219.1
Project("{FAE04EC0-301F-11D3-BF4B-00C04F79EFBC}") = "app", "app.csproj", "{9B18DE3B-3E88-4E6F-B203-8D7717D977DF}"
EndProject
Global
	GlobalSection(SolutionConfigurationPlatforms) = preSolution
		Debug|Any CPU = Debug|Any CPU
		Release|Any CPU = Release|Any CPU
	EndGlobalSection
	GlobalSection(ProjectConfigurationPlatforms) = postSolution
		{9B18DE3B-3E88-4E6F-B203-8D7717D977DF}.Debug|Any CPU.ActiveCfg = Debug|Any CPU
		{9B18DE3B-3E88-4E6F-B203-8D7717D977DF}.Debug|Any CPU.Build.0 = Debug|Any CPU
		{9B18DE3B-3E88-4E6F-B203-8D7717D977DF}.Release|Any CPU.ActiveCfg = Release|Any CPU
		{9B18DE3B-3E88-4E6F-B203-8D7717D977DF}.Release|Any CPU.Build.0 = Release|Any CPU
	EndGlobalSection
	GlobalSection(SolutionProperties) = preSolution
		HideSolutionNode = FALSE
	EndGlobalSection
	GlobalSection(ExtensibilityGlobals) = postSolution
		SolutionGuid = {A14BD55D-07ED-4E9F-9EC0-11AEDDC58850}
	EndGlobalSection
EndGlobal
